
Microsoft Visual Studio Solution File, Format Version 12.00
# Visual Studio Version 17
VisualStudioVersion = 17.12.35527.113 d17.12
MinimumVisualStudioVersion = 10.0.40219.1
Project("{FAE04EC0-301F-11D3-BF4B-00C04F79EFBC}") = "MfiManager.App", "MfiManager.App.csproj", "{1586CCA2-9C8C-4122-9E85-397CE4839057}"
EndProject
Project("{FAE04EC0-301F-11D3-BF4B-00C04F79EFBC}") = "MfiManager.Middleware", "..\MfiManager.Middleware\MfiManager.Middleware.csproj", "{C0F2AFF5-ABF7-458C-99A5-B7EBDB8267A6}"
EndProject
Global
	GlobalSection(SolutionConfigurationPlatforms) = preSolution
		Debug|Any CPU = Debug|Any CPU
		Release|Any CPU = Release|Any CPU
	EndGlobalSection
	GlobalSection(ProjectConfigurationPlatforms) = postSolution
		{1586CCA2-9C8C-4122-9E85-397CE4839057}.Debug|Any CPU.ActiveCfg = Debug|Any CPU
		{1586CCA2-9C8C-4122-9E85-397CE4839057}.Debug|Any CPU.Build.0 = Debug|Any CPU
		{1586CCA2-9C8C-4122-9E85-397CE4839057}.Release|Any CPU.ActiveCfg = Release|Any CPU
		{1586CCA2-9C8C-4122-9E85-397CE4839057}.Release|Any CPU.Build.0 = Release|Any CPU
		{C0F2AFF5-ABF7-458C-99A5-B7EBDB8267A6}.Debug|Any CPU.ActiveCfg = Debug|Any CPU
		{C0F2AFF5-ABF7-458C-99A5-B7EBDB8267A6}.Debug|Any CPU.Build.0 = Debug|Any CPU
		{C0F2AFF5-ABF7-458C-99A5-B7EBDB8267A6}.Release|Any CPU.ActiveCfg = Release|Any CPU
		{C0F2AFF5-ABF7-458C-99A5-B7EBDB8267A6}.Release|Any CPU.Build.0 = Release|Any CPU
	EndGlobalSection
	GlobalSection(SolutionProperties) = preSolution
		HideSolutionNode = FALSE
	EndGlobalSection
EndGlobal
